{
  "name": "test-package-json",
  "lockfileVersion": 3,
  "requires": true,
  "packages": {
    "": {
      "name": "test-package-json",
      "dependencies": {
        "@std/datetime": "npm:@jsr/std__datetime@^0.225.3",
        "lodash": "^4.17.21"
      }
    },
    "node_modules/@std/datetime": {
      "name": "@jsr/std__datetime",
      "version": "0.225.3",
      "resolved": "https://npm.jsr.io/~/11/@jsr/std__datetime/0.225.3.tgz",
      "integrity": "sha512-Snm6ZDLMNRaDhOcInCtP3nLrWXtmamq88hJWxv46mNMEnl4xHvUL/+e08Mw7kl7psfVVwQfnT54RE4sAybthqA=="
    },
    "node_modules/lodash": {
      "version": "4.17.21",
      "resolved": "https://registry.npmjs.org/lodash/-/lodash-4.17.21.tgz",
      "integrity": "sha512-v2kDEe57lecTulaDIuNTPy3Ry4gLGJ6Z1O3vE1krgXZNrsQ+LFTGHVxVjcXPs17LhbZVGedAJv8XZ1tvj5FvSg==",
      "license": "MIT"
    }
  }
}
